
Microsoft Visual Studio Solution File, Format Version 12.00
# Visual Studio 14
VisualStudioVersion = 14.0.25420.1
MinimumVisualStudioVersion = 10.0.40219.1
Project("{FAE04EC0-301F-11D3-BF4B-00C04F79EFBC}") = "A006_calc", "A006_calc\A006_calc.csproj", "{B33A8271-0F49-41C2-980B-8B7192FFDBD4}"
EndProject
Project("{FAE04EC0-301F-11D3-BF4B-00C04F79EFBC}") = "A007_Flag", "A007_Flag\A007_Flag.csproj", "{C1F91D7C-F984-4518-8BF8-444B7F5C57F1}"
EndProject
Global
	GlobalSection(SolutionConfigurationPlatforms) = preSolution
		Debug|Any CPU = Debug|Any CPU
		Release|Any CPU = Release|Any CPU
	EndGlobalSection
	GlobalSection(ProjectConfigurationPlatforms) = postSolution
		{B33A8271-0F49-41C2-980B-8B7192FFDBD4}.Debug|Any CPU.ActiveCfg = Debug|Any CPU
		{B33A8271-0F49-41C2-980B-8B7192FFDBD4}.Debug|Any CPU.Build.0 = Debug|Any CPU
		{B33A8271-0F49-41C2-980B-8B7192FFDBD4}.Release|Any CPU.ActiveCfg = Release|Any CPU
		{B33A8271-0F49-41C2-980B-8B7192FFDBD4}.Release|Any CPU.Build.0 = Release|Any CPU
		{C1F91D7C-F984-4518-8BF8-444B7F5C57F1}.Debug|Any CPU.ActiveCfg = Debug|Any CPU
		{C1F91D7C-F984-4518-8BF8-444B7F5C57F1}.Debug|Any CPU.Build.0 = Debug|Any CPU
		{C1F91D7C-F984-4518-8BF8-444B7F5C57F1}.Release|Any CPU.ActiveCfg = Release|Any CPU
		{C1F91D7C-F984-4518-8BF8-444B7F5C57F1}.Release|Any CPU.Build.0 = Release|Any CPU
	EndGlobalSection
	GlobalSection(SolutionProperties) = preSolution
		HideSolutionNode = FALSE
	EndGlobalSection
EndGlobal
